
Microsoft Visual Studio Solution File, Format Version 12.00
# Visual Studio Version 17
VisualStudioVersion = 17.8.34330.188
MinimumVisualStudioVersion = 10.0.40219.1
Project("{FAE04EC0-301F-11D3-BF4B-00C04F79EFBC}") = "Mitovia", "Mitovia\Mitovia.csproj", "{5E8D0EA0-2C93-4E03-A913-DD67C71CE400}"
EndProject
Global
	GlobalSection(SolutionConfigurationPlatforms) = preSolution
		Debug|Any CPU = Debug|Any CPU
		Release|Any CPU = Release|Any CPU
	EndGlobalSection
	GlobalSection(ProjectConfigurationPlatforms) = postSolution
		{5E8D0EA0-2C93-4E03-A913-DD67C71CE400}.Debug|Any CPU.ActiveCfg = Debug|Any CPU
		{5E8D0EA0-2C93-4E03-A913-DD67C71CE400}.Debug|Any CPU.Build.0 = Debug|Any CPU
		{5E8D0EA0-2C93-4E03-A913-DD67C71CE400}.Release|Any CPU.ActiveCfg = Release|Any CPU
		{5E8D0EA0-2C93-4E03-A913-DD67C71CE400}.Release|Any CPU.Build.0 = Release|Any CPU
	EndGlobalSection
	GlobalSection(SolutionProperties) = preSolution
		HideSolutionNode = FALSE
	EndGlobalSection
	GlobalSection(ExtensibilityGlobals) = postSolution
		SolutionGuid = {61878A00-546C-40E3-AD38-826879F9795C}
	EndGlobalSection
EndGlobal
